
Microsoft Visual Studio Solution File, Format Version 12.00
Project("{FAE04EC0-301F-11D3-BF4B-00C04F79EFBC}") = "Concorde", "Concorde\Concorde.csproj", "{18630CD2-22BA-4A62-B14F-46577B92FF6E}"
EndProject
Project("{FAE04EC0-301F-11D3-BF4B-00C04F79EFBC}") = "Concorde.Example", "Concorde.Example\Concorde.Example.csproj", "{E7C551F5-0660-4630-8665-FD4D01F82166}"
EndProject
Project("{FAE04EC0-301F-11D3-BF4B-00C04F79EFBC}") = "Concorde.Abstractions", "Concorde.Abstractions\Concorde.Abstractions.csproj", "{1388D4D7-620E-434C-BAF9-6B98CFFD96C1}"
EndProject
Global
	GlobalSection(SolutionConfigurationPlatforms) = preSolution
		Debug|Any CPU = Debug|Any CPU
		Release|Any CPU = Release|Any CPU
	EndGlobalSection
	GlobalSection(ProjectConfigurationPlatforms) = postSolution
		{18630CD2-22BA-4A62-B14F-46577B92FF6E}.Debug|Any CPU.ActiveCfg = Debug|Any CPU
		{18630CD2-22BA-4A62-B14F-46577B92FF6E}.Debug|Any CPU.Build.0 = Debug|Any CPU
		{18630CD2-22BA-4A62-B14F-46577B92FF6E}.Release|Any CPU.ActiveCfg = Release|Any CPU
		{18630CD2-22BA-4A62-B14F-46577B92FF6E}.Release|Any CPU.Build.0 = Release|Any CPU
		{E7C551F5-0660-4630-8665-FD4D01F82166}.Debug|Any CPU.ActiveCfg = Debug|Any CPU
		{E7C551F5-0660-4630-8665-FD4D01F82166}.Debug|Any CPU.Build.0 = Debug|Any CPU
		{E7C551F5-0660-4630-8665-FD4D01F82166}.Release|Any CPU.ActiveCfg = Release|Any CPU
		{E7C551F5-0660-4630-8665-FD4D01F82166}.Release|Any CPU.Build.0 = Release|Any CPU
		{1388D4D7-620E-434C-BAF9-6B98CFFD96C1}.Debug|Any CPU.ActiveCfg = Debug|Any CPU
		{1388D4D7-620E-434C-BAF9-6B98CFFD96C1}.Debug|Any CPU.Build.0 = Debug|Any CPU
		{1388D4D7-620E-434C-BAF9-6B98CFFD96C1}.Release|Any CPU.ActiveCfg = Release|Any CPU
		{1388D4D7-620E-434C-BAF9-6B98CFFD96C1}.Release|Any CPU.Build.0 = Release|Any CPU
	EndGlobalSection
EndGlobal
